
Microsoft Visual Studio Solution File, Format Version 12.00
# Visual Studio Version 16
VisualStudioVersion = 16.0.31613.86
MinimumVisualStudioVersion = 10.0.40219.1
Project("{9A19103F-16F7-4668-BE54-9A1E7A4F7556}") = "HW6", "HW6\HW6.csproj", "{289ED26A-2ED9-4B50-AE76-FA7E03B81BD2}"
EndProject
Project("{9A19103F-16F7-4668-BE54-9A1E7A4F7556}") = "HWLibrary", "HWLibrary\HWLibrary.csproj", "{AF9D959B-4CCF-435E-BD1D-A85A0F8D3899}"
EndProject
Project("{9A19103F-16F7-4668-BE54-9A1E7A4F7556}") = "HWTests", "HWTests\HWTests.csproj", "{F7FE27BF-9A8A-4CF9-9308-73DBA009D442}"
EndProject
Global
	GlobalSection(SolutionConfigurationPlatforms) = preSolution
		Debug|Any CPU = Debug|Any CPU
		Release|Any CPU = Release|Any CPU
	EndGlobalSection
	GlobalSection(ProjectConfigurationPlatforms) = postSolution
		{289ED26A-2ED9-4B50-AE76-FA7E03B81BD2}.Debug|Any CPU.ActiveCfg = Debug|Any CPU
		{289ED26A-2ED9-4B50-AE76-FA7E03B81BD2}.Debug|Any CPU.Build.0 = Debug|Any CPU
		{289ED26A-2ED9-4B50-AE76-FA7E03B81BD2}.Release|Any CPU.ActiveCfg = Release|Any CPU
		{289ED26A-2ED9-4B50-AE76-FA7E03B81BD2}.Release|Any CPU.Build.0 = Release|Any CPU
		{AF9D959B-4CCF-435E-BD1D-A85A0F8D3899}.Debug|Any CPU.ActiveCfg = Debug|Any CPU
		{AF9D959B-4CCF-435E-BD1D-A85A0F8D3899}.Debug|Any CPU.Build.0 = Debug|Any CPU
		{AF9D959B-4CCF-435E-BD1D-A85A0F8D3899}.Release|Any CPU.ActiveCfg = Release|Any CPU
		{AF9D959B-4CCF-435E-BD1D-A85A0F8D3899}.Release|Any CPU.Build.0 = Release|Any CPU
		{F7FE27BF-9A8A-4CF9-9308-73DBA009D442}.Debug|Any CPU.ActiveCfg = Debug|Any CPU
		{F7FE27BF-9A8A-4CF9-9308-73DBA009D442}.Debug|Any CPU.Build.0 = Debug|Any CPU
		{F7FE27BF-9A8A-4CF9-9308-73DBA009D442}.Release|Any CPU.ActiveCfg = Release|Any CPU
		{F7FE27BF-9A8A-4CF9-9308-73DBA009D442}.Release|Any CPU.Build.0 = Release|Any CPU
	EndGlobalSection
	GlobalSection(SolutionProperties) = preSolution
		HideSolutionNode = FALSE
	EndGlobalSection
	GlobalSection(ExtensibilityGlobals) = postSolution
		SolutionGuid = {04E88FEC-D1E5-4E64-B96D-00650B091669}
	EndGlobalSection
EndGlobal
